// !$*UTF8*$!
{
	archiveVersion = 1;
	classes = {
	};
	objectVersion = 46;
	objects = {

/* Begin PBXBuildFile section */
		273D106316F3E7FE00C187E0 /* UIKit.framework in Frameworks */ = {isa = PBXBuildFile; fileRef = 273D106216F3E7FE00C187E0 /* UIKit.framework */; };
		273D106516F3E7FE00C187E0 /* Foundation.framework in Frameworks */ = {isa = PBXBuildFile; fileRef = 273D106416F3E7FE00C187E0 /* Foundation.framework */; };
		273D106716F3E7FE00C187E0 /* CoreGraphics.framework in Frameworks */ = {isa = PBXBuildFile; fileRef = 273D106616F3E7FE00C187E0 /* CoreGraphics.framework */; };
		273D106D16F3E7FE00C187E0 /* InfoPlist.strings in Resources */ = {isa = PBXBuildFile; fileRef = 273D106B16F3E7FE00C187E0 /* InfoPlist.strings */; };
		273D106F16F3E7FE00C187E0 /* main.m in Sources */ = {isa = PBXBuildFile; fileRef = 273D106E16F3E7FE00C187E0 /* main.m */; };
		273D107316F3E7FE00C187E0 /* AppDelegate.m in Sources */ = {isa = PBXBuildFile; fileRef = 273D107216F3E7FE00C187E0 /* AppDelegate.m */; };
		273D107C16F3E7FE00C187E0 /* MainStoryboard.storyboard in Resources */ = {isa = PBXBuildFile; fileRef = 273D107A16F3E7FE00C187E0 /* MainStoryboard.storyboard */; };
		2769860617355CE900536685 /* MFSideMenuContainerViewController.m in Sources */ = {isa = PBXBuildFile; fileRef = 2769860517355CE900536685 /* MFSideMenuContainerViewController.m */; };
		27698611173911BE00536685 /* SideMenuViewController.m in Sources */ = {isa = PBXBuildFile; fileRef = 27698610173911BE00536685 /* SideMenuViewController.m */; };
		2769861A1739176A00536685 /* back-arrow.png in Resources */ = {isa = PBXBuildFile; fileRef = 276986131739176A00536685 /* back-arrow.png */; };
		2769861B1739176A00536685 /* back-arrow@2x.png in Resources */ = {isa = PBXBuildFile; fileRef = 276986141739176A00536685 /* back-arrow@2x.png */; };
		2769861C1739176A00536685 /* Default-568h@2x.png in Resources */ = {isa = PBXBuildFile; fileRef = 276986151739176A00536685 /* Default-568h@2x.png */; };
		2769861D1739176A00536685 /* Default.png in Resources */ = {isa = PBXBuildFile; fileRef = 276986161739176A00536685 /* Default.png */; };
		2769861E1739176A00536685 /* Default@2x.png in Resources */ = {isa = PBXBuildFile; fileRef = 276986171739176A00536685 /* Default@2x.png */; };
		2769861F1739176A00536685 /* menu-icon.png in Resources */ = {isa = PBXBuildFile; fileRef = 276986181739176A00536685 /* menu-icon.png */; };
		276986201739176A00536685 /* menu-icon@2x.png in Resources */ = {isa = PBXBuildFile; fileRef = 276986191739176A00536685 /* menu-icon@2x.png */; };
		279CE767171433C00056366A /* DemoViewController.m in Sources */ = {isa = PBXBuildFile; fileRef = 279CE766171433C00056366A /* DemoViewController.m */; };
/* End PBXBuildFile section */

/* Begin PBXFileReference section */
		273D105F16F3E7FE00C187E0 /* MFSideMenuDemoStoryboard.app */ = {isa = PBXFileReference; explicitFileType = wrapper.application; includeInIndex = 0; path = MFSideMenuDemoStoryboard.app; sourceTree = BUILT_PRODUCTS_DIR; };
		273D106216F3E7FE00C187E0 /* UIKit.framework */ = {isa = PBXFileReference; lastKnownFileType = wrapper.framework; name = UIKit.framework; path = System/Library/Frameworks/UIKit.framework; sourceTree = SDKROOT; };
		273D106416F3E7FE00C187E0 /* Foundation.framework */ = {isa = PBXFileReference; lastKnownFileType = wrapper.framework; name = Foundation.framework; path = System/Library/Frameworks/Foundation.framework; sourceTree = SDKROOT; };
		273D106616F3E7FE00C187E0 /* CoreGraphics.framework */ = {isa = PBXFileReference; lastKnownFileType = wrapper.framework; name = CoreGraphics.framework; path = System/Library/Frameworks/CoreGraphics.framework; sourceTree = SDKROOT; };
		273D106A16F3E7FE00C187E0 /* MFSideMenuDemoStoryboard-Info.plist */ = {isa = PBXFileReference; lastKnownFileType = text.plist.xml; path = "MFSideMenuDemoStoryboard-Info.plist"; sourceTree = "<group>"; };
		273D106C16F3E7FE00C187E0 /* en */ = {isa = PBXFileReference; lastKnownFileType = text.plist.strings; name = en; path = en.lproj/InfoPlist.strings; sourceTree = "<group>"; };
		273D106E16F3E7FE00C187E0 /* main.m */ = {isa = PBXFileReference; lastKnownFileType = sourcecode.c.objc; path = main.m; sourceTree = "<group>"; };
		273D107016F3E7FE00C187E0 /* MFSideMenuDemoStoryboard-Prefix.pch */ = {isa = PBXFileReference; lastKnownFileType = sourcecode.c.h; path = "MFSideMenuDemoStoryboard-Prefix.pch"; sourceTree = "<group>"; };
		273D107116F3E7FE00C187E0 /* AppDelegate.h */ = {isa = PBXFileReference; lastKnownFileType = sourcecode.c.h; path = AppDelegate.h; sourceTree = "<group>"; };
		273D107216F3E7FE00C187E0 /* AppDelegate.m */ = {isa = PBXFileReference; lastKnownFileType = sourcecode.c.objc; path = AppDelegate.m; sourceTree = "<group>"; };
		273D107B16F3E7FE00C187E0 /* en */ = {isa = PBXFileReference; lastKnownFileType = file.storyboard; name = en; path = en.lproj/MainStoryboard.storyboard; sourceTree = "<group>"; };
		2769860417355CE900536685 /* MFSideMenuContainerViewController.h */ = {isa = PBXFileReference; fileEncoding = 4; lastKnownFileType = sourcecode.c.h; path = MFSideMenuContainerViewController.h; sourceTree = "<group>"; };
		2769860517355CE900536685 /* MFSideMenuContainerViewController.m */ = {isa = PBXFileReference; fileEncoding = 4; lastKnownFileType = sourcecode.c.objc; path = MFSideMenuContainerViewController.m; sourceTree = "<group>"; };
		2769860E1737D78600536685 /* MFSideMenu.h */ = {isa = PBXFileReference; fileEncoding = 4; lastKnownFileType = sourcecode.c.h; path = MFSideMenu.h; sourceTree = "<group>"; };
		2769860F173911BE00536685 /* SideMenuViewController.h */ = {isa = PBXFileReference; fileEncoding = 4; lastKnownFileType = sourcecode.c.h; path = SideMenuViewController.h; sourceTree = "<group>"; };
		27698610173911BE00536685 /* SideMenuViewController.m */ = {isa = PBXFileReference; fileEncoding = 4; lastKnownFileType = sourcecode.c.objc; path = SideMenuViewController.m; sourceTree = "<group>"; };
		276986131739176A00536685 /* back-arrow.png */ = {isa = PBXFileReference; lastKnownFileType = image.png; path = "back-arrow.png"; sourceTree = "<group>"; };
		276986141739176A00536685 /* back-arrow@2x.png */ = {isa = PBXFileReference; lastKnownFileType = image.png; path = "back-arrow@2x.png"; sourceTree = "<group>"; };
		276986151739176A00536685 /* Default-568h@2x.png */ = {isa = PBXFileReference; lastKnownFileType = image.png; path = "Default-568h@2x.png"; sourceTree = "<group>"; };
		276986161739176A00536685 /* Default.png */ = {isa = PBXFileReference; lastKnownFileType = image.png; path = Default.png; sourceTree = "<group>"; };
		276986171739176A00536685 /* Default@2x.png */ = {isa = PBXFileReference; lastKnownFileType = image.png; path = "Default@2x.png"; sourceTree = "<group>"; };
		276986181739176A00536685 /* menu-icon.png */ = {isa = PBXFileReference; lastKnownFileType = image.png; path = "menu-icon.png"; sourceTree = "<group>"; };
		276986191739176A00536685 /* menu-icon@2x.png */ = {isa = PBXFileReference; lastKnownFileType = image.png; path = "menu-icon@2x.png"; sourceTree = "<group>"; };
		279CE765171433C00056366A /* DemoViewController.h */ = {isa = PBXFileReference; fileEncoding = 4; lastKnownFileType = sourcecode.c.h; path = DemoViewController.h; sourceTree = "<group>"; };
		279CE766171433C00056366A /* DemoViewController.m */ = {isa = PBXFileReference; fileEncoding = 4; lastKnownFileType = sourcecode.c.objc; path = DemoViewController.m; sourceTree = "<group>"; };
/* End PBXFileReference section */

/* Begin PBXFrameworksBuildPhase section */
		273D105C16F3E7FE00C187E0 /* Frameworks */ = {
			isa = PBXFrameworksBuildPhase;
			buildActionMask = 2147483647;
			files = (
				273D106316F3E7FE00C187E0 /* UIKit.framework in Frameworks */,
				273D106516F3E7FE00C187E0 /* Foundation.framework in Frameworks */,
				273D106716F3E7FE00C187E0 /* CoreGraphics.framework in Frameworks */,
			);
			runOnlyForDeploymentPostprocessing = 0;
		};
/* End PBXFrameworksBuildPhase section */

/* Begin PBXGroup section */
		273D105616F3E7FE00C187E0 = {
			isa = PBXGroup;
			children = (
				273D112216F6331D00C187E0 /* MFSideMenu */,
				273D106816F3E7FE00C187E0 /* MFSideMenuDemoStoryboard */,
				273D106116F3E7FE00C187E0 /* Frameworks */,
				273D106016F3E7FE00C187E0 /* Products */,
			);
			sourceTree = "<group>";
		};
		273D106016F3E7FE00C187E0 /* Products */ = {
			isa = PBXGroup;
			children = (
				273D105F16F3E7FE00C187E0 /* MFSideMenuDemoStoryboard.app */,
			);
			name = Products;
			sourceTree = "<group>";
		};
		273D106116F3E7FE00C187E0 /* Frameworks */ = {
			isa = PBXGroup;
			children = (
				273D106216F3E7FE00C187E0 /* UIKit.framework */,
				273D106416F3E7FE00C187E0 /* Foundation.framework */,
				273D106616F3E7FE00C187E0 /* CoreGraphics.framework */,
			);
			name = Frameworks;
			sourceTree = "<group>";
		};
		273D106816F3E7FE00C187E0 /* MFSideMenuDemoStoryboard */ = {
			isa = PBXGroup;
			children = (
				276986121739176A00536685 /* Images */,
				273D107116F3E7FE00C187E0 /* AppDelegate.h */,
				273D107216F3E7FE00C187E0 /* AppDelegate.m */,
				273D107A16F3E7FE00C187E0 /* MainStoryboard.storyboard */,
				273D106916F3E7FE00C187E0 /* Supporting Files */,
				279CE765171433C00056366A /* DemoViewController.h */,
				279CE766171433C00056366A /* DemoViewController.m */,
				2769860F173911BE00536685 /* SideMenuViewController.h */,
				27698610173911BE00536685 /* SideMenuViewController.m */,
			);
			path = MFSideMenuDemoStoryboard;
			sourceTree = "<group>";
		};
		273D106916F3E7FE00C187E0 /* Supporting Files */ = {
			isa = PBXGroup;
			children = (
				273D106A16F3E7FE00C187E0 /* MFSideMenuDemoStoryboard-Info.plist */,
				273D106B16F3E7FE00C187E0 /* InfoPlist.strings */,
				273D106E16F3E7FE00C187E0 /* main.m */,
				273D107016F3E7FE00C187E0 /* MFSideMenuDemoStoryboard-Prefix.pch */,
			);
			name = "Supporting Files";
			sourceTree = "<group>";
		};
		273D112216F6331D00C187E0 /* MFSideMenu */ = {
			isa = PBXGroup;
			children = (
				2769860E1737D78600536685 /* MFSideMenu.h */,
				2769860417355CE900536685 /* MFSideMenuContainerViewController.h */,
				2769860517355CE900536685 /* MFSideMenuContainerViewController.m */,
			);
			name = MFSideMenu;
			path = ../../MFSideMenu;
			sourceTree = "<group>";
		};
		276986121739176A00536685 /* Images */ = {
			isa = PBXGroup;
			children = (
				276986131739176A00536685 /* back-arrow.png */,
				276986141739176A00536685 /* back-arrow@2x.png */,
				276986151739176A00536685 /* Default-568h@2x.png */,
				276986161739176A00536685 /* Default.png */,
				276986171739176A00536685 /* Default@2x.png */,
				276986181739176A00536685 /* menu-icon.png */,
				276986191739176A00536685 /* menu-icon@2x.png */,
			);
			path = Images;
			sourceTree = "<group>";
		};
/* End PBXGroup section */

/* Begin PBXNativeTarget section */
		273D105E16F3E7FE00C187E0 /* MFSideMenuDemoStoryboard */ = {
			isa = PBXNativeTarget;
			buildConfigurationList = 273D108216F3E7FE00C187E0 /* Build configuration list for PBXNativeTarget "MFSideMenuDemoStoryboard" */;
			buildPhases = (
				273D105B16F3E7FE00C187E0 /* Sources */,
				273D105C16F3E7FE00C187E0 /* Frameworks */,
				273D105D16F3E7FE00C187E0 /* Resources */,
			);
			buildRules = (
			);
			dependencies = (
			);
			name = MFSideMenuDemoStoryboard;
			productName = MFSideMenuDemoStoryboard;
			productReference = 273D105F16F3E7FE00C187E0 /* MFSideMenuDemoStoryboard.app */;
			productType = "com.apple.product-type.application";
		};
/* End PBXNativeTarget section */

/* Begin PBXProject section */
		273D105716F3E7FE00C187E0 /* Project object */ = {
			isa = PBXProject;
			attributes = {
				LastUpgradeCheck = 0460;
				ORGANIZATIONNAME = "Michael Frederick";
			};
			buildConfigurationList = 273D105A16F3E7FE00C187E0 /* Build configuration list for PBXProject "MFSideMenuDemoStoryboard" */;
			compatibilityVersion = "Xcode 3.2";
			developmentRegion = English;
			hasScannedForEncodings = 0;
			knownRegions = (
				en,
			);
			mainGroup = 273D105616F3E7FE00C187E0;
			productRefGroup = 273D106016F3E7FE00C187E0 /* Products */;
			projectDirPath = "";
			projectRoot = "";
			targets = (
				273D105E16F3E7FE00C187E0 /* MFSideMenuDemoStoryboard */,
			);
		};
/* End PBXProject section */

/* Begin PBXResourcesBuildPhase section */
		273D105D16F3E7FE00C187E0 /* Resources */ = {
			isa = PBXResourcesBuildPhase;
			buildActionMask = 2147483647;
			files = (
				273D106D16F3E7FE00C187E0 /* InfoPlist.strings in Resources */,
				273D107C16F3E7FE00C187E0 /* MainStoryboard.storyboard in Resources */,
				2769861A1739176A00536685 /* back-arrow.png in Resources */,
				2769861B1739176A00536685 /* back-arrow@2x.png in Resources */,
				2769861C1739176A00536685 /* Default-568h@2x.png in Resources */,
				2769861D1739176A00536685 /* Default.png in Resources */,
				2769861E1739176A00536685 /* Default@2x.png in Resources */,
				2769861F1739176A00536685 /* menu-icon.png in Resources */,
				276986201739176A00536685 /* menu-icon@2x.png in Resources */,
			);
			runOnlyForDeploymentPostprocessing = 0;
		};
/* End PBXResourcesBuildPhase section */

/* Begin PBXSourcesBuildPhase section */
		273D105B16F3E7FE00C187E0 /* Sources */ = {
			isa = PBXSourcesBuildPhase;
			buildActionMask = 2147483647;
			files = (
				273D106F16F3E7FE00C187E0 /* main.m in Sources */,
				273D107316F3E7FE00C187E0 /* AppDelegate.m in Sources */,
				279CE767171433C00056366A /* DemoViewController.m in Sources */,
				2769860617355CE900536685 /* MFSideMenuContainerViewController.m in Sources */,
				27698611173911BE00536685 /* SideMenuViewController.m in Sources */,
			);
			runOnlyForDeploymentPostprocessing = 0;
		};
/* End PBXSourcesBuildPhase section */

/* Begin PBXVariantGroup section */
		273D106B16F3E7FE00C187E0 /* InfoPlist.strings */ = {
			isa = PBXVariantGroup;
			children = (
				273D106C16F3E7FE00C187E0 /* en */,
			);
			name = InfoPlist.strings;
			sourceTree = "<group>";
		};
		273D107A16F3E7FE00C187E0 /* MainStoryboard.storyboard */ = {
			isa = PBXVariantGroup;
			children = (
				273D107B16F3E7FE00C187E0 /* en */,
			);
			name = MainStoryboard.storyboard;
			sourceTree = "<group>";
		};
/* End PBXVariantGroup section */

/* Begin XCBuildConfiguration section */
		273D108016F3E7FE00C187E0 /* Debug */ = {
			isa = XCBuildConfiguration;
			buildSettings = {
				ALWAYS_SEARCH_USER_PATHS = NO;
				CLANG_CXX_LANGUAGE_STANDARD = "gnu++0x";
				CLANG_CXX_LIBRARY = "libc++";
				CLANG_ENABLE_OBJC_ARC = YES;
				CLANG_WARN_CONSTANT_CONVERSION = YES;
				CLANG_WARN_EMPTY_BODY = YES;
				CLANG_WARN_ENUM_CONVERSION = YES;
				CLANG_WARN_INT_CONVERSION = YES;
				CLANG_WARN__DUPLICATE_METHOD_MATCH = YES;
				"CODE_SIGN_IDENTITY[sdk=iphoneos*]" = "iPhone Developer";
				COPY_PHASE_STRIP = NO;
				GCC_C_LANGUAGE_STANDARD = gnu99;
				GCC_DYNAMIC_NO_PIC = NO;
				GCC_OPTIMIZATION_LEVEL = 0;
				GCC_PREPROCESSOR_DEFINITIONS = (
					"DEBUG=1",
					"$(inherited)",
				);
				GCC_SYMBOLS_PRIVATE_EXTERN = NO;
				GCC_WARN_ABOUT_RETURN_TYPE = YES;
				GCC_WARN_UNINITIALIZED_AUTOS = YES;
				GCC_WARN_UNUSED_VARIABLE = YES;
				HEADER_SEARCH_PATHS = "${SRCROOT}/../MFSideMenu/**";
				IPHONEOS_DEPLOYMENT_TARGET = 6.1;
				ONLY_ACTIVE_ARCH = YES;
				SDKROOT = iphoneos;
			};
			name = Debug;
		};
		273D108116F3E7FE00C187E0 /* Release */ = {
			isa = XCBuildConfiguration;
			buildSettings = {
				ALWAYS_SEARCH_USER_PATHS = NO;
				CLANG_CXX_LANGUAGE_STANDARD = "gnu++0x";
				CLANG_CXX_LIBRARY = "libc++";
				CLANG_ENABLE_OBJC_ARC = YES;
				CLANG_WARN_CONSTANT_CONVERSION = YES;
				CLANG_WARN_EMPTY_BODY = YES;
				CLANG_WARN_ENUM_CONVERSION = YES;
				CLANG_WARN_INT_CONVERSION = YES;
				CLANG_WARN__DUPLICATE_METHOD_MATCH = YES;
				"CODE_SIGN_IDENTITY[sdk=iphoneos*]" = "iPhone Developer";
				COPY_PHASE_STRIP = YES;
				GCC_C_LANGUAGE_STANDARD = gnu99;
				GCC_WARN_ABOUT_RETURN_TYPE = YES;
				GCC_WARN_UNINITIALIZED_AUTOS = YES;
				GCC_WARN_UNUSED_VARIABLE = YES;
				HEADER_SEARCH_PATHS = "${SRCROOT}/../MFSideMenu/**";
				IPHONEOS_DEPLOYMENT_TARGET = 6.1;
				OTHER_CFLAGS = "-DNS_BLOCK_ASSERTIONS=1";
				SDKROOT = iphoneos;
				VALIDATE_PRODUCT = YES;
			};
			name = Release;
		};
		273D108316F3E7FE00C187E0 /* Debug */ = {
			isa = XCBuildConfiguration;
			buildSettings = {
				GCC_PRECOMPILE_PREFIX_HEADER = YES;
				GCC_PREFIX_HEADER = "MFSideMenuDemoStoryboard/MFSideMenuDemoStoryboard-Prefix.pch";
				HEADER_SEARCH_PATHS = "";
				INFOPLIST_FILE = "MFSideMenuDemoStoryboard/MFSideMenuDemoStoryboard-Info.plist";
				PRODUCT_NAME = "$(TARGET_NAME)";
				USER_HEADER_SEARCH_PATHS = "";
				WRAPPER_EXTENSION = app;
			};
			name = Debug;
		};
		273D108416F3E7FE00C187E0 /* Release */ = {
			isa = XCBuildConfiguration;
			buildSettings = {
				GCC_PRECOMPILE_PREFIX_HEADER = YES;
				GCC_PREFIX_HEADER = "MFSideMenuDemoStoryboard/MFSideMenuDemoStoryboard-Prefix.pch";
				HEADER_SEARCH_PATHS = "";
				INFOPLIST_FILE = "MFSideMenuDemoStoryboard/MFSideMenuDemoStoryboard-Info.plist";
				PRODUCT_NAME = "$(TARGET_NAME)";
				USER_HEADER_SEARCH_PATHS = "";
				WRAPPER_EXTENSION = app;
			};
			name = Release;
		};
/* End XCBuildConfiguration section */

/* Begin XCConfigurationList section */
		273D105A16F3E7FE00C187E0 /* Build configuration list for PBXProject "MFSideMenuDemoStoryboard" */ = {
			isa = XCConfigurationList;
			buildConfigurations = (
				273D108016F3E7FE00C187E0 /* Debug */,
				273D108116F3E7FE00C187E0 /* Release */,
			);
			defaultConfigurationIsVisible = 0;
			defaultConfigurationName = Release;
		};
		273D108216F3E7FE00C187E0 /* Build configuration list for PBXNativeTarget "MFSideMenuDemoStoryboard" */ = {
			isa = XCConfigurationList;
			buildConfigurations = (
				273D108316F3E7FE00C187E0 /* Debug */,
				273D108416F3E7FE00C187E0 /* Release */,
			);
			defaultConfigurationIsVisible = 0;
			defaultConfigurationName = Release;
		};
/* End XCConfigurationList section */
	};
	rootObject = 273D105716F3E7FE00C187E0 /* Project object */;
}
