// !$*UTF8*$!
{
	archiveVersion = 1;
	classes = {
	};
	objectVersion = 46;
	objects = {

/* Begin PBXBuildFile section */
		273D0F8D16CB344600C187E0 /* back-arrow.png in Resources */ = {isa = PBXBuildFile; fileRef = 273D0F8816CB344600C187E0 /* back-arrow.png */; };
		273D0F8E16CB344600C187E0 /* back-arrow@2x.png in Resources */ = {isa = PBXBuildFile; fileRef = 273D0F8916CB344600C187E0 /* back-arrow@2x.png */; };
		273D0F8F16CB344600C187E0 /* Default-568h@2x.png in Resources */ = {isa = PBXBuildFile; fileRef = 273D0F8A16CB344600C187E0 /* Default-568h@2x.png */; };
		273D0F9016CB344600C187E0 /* menu-icon.png in Resources */ = {isa = PBXBuildFile; fileRef = 273D0F8B16CB344600C187E0 /* menu-icon.png */; };
		273D0F9116CB344600C187E0 /* menu-icon@2x.png in Resources */ = {isa = PBXBuildFile; fileRef = 273D0F8C16CB344600C187E0 /* menu-icon@2x.png */; };
		274419C917BBAED20007ADE7 /* MFSideMenu.h in Sources */ = {isa = PBXBuildFile; fileRef = 2769860B1737D76900536685 /* MFSideMenu.h */; };
		274419CA17BBAED20007ADE7 /* MFSideMenuContainerViewController.h in Sources */ = {isa = PBXBuildFile; fileRef = 2769860117355C4C00536685 /* MFSideMenuContainerViewController.h */; };
		274419CB17BBAED20007ADE7 /* UIViewController+MFSideMenuAdditions.h in Sources */ = {isa = PBXBuildFile; fileRef = D081F04B178E67F5004A89D0 /* UIViewController+MFSideMenuAdditions.h */; };
		274419CC17BBAED20007ADE7 /* MFSideMenuShadow.h in Sources */ = {isa = PBXBuildFile; fileRef = 274419C717BBABA70007ADE7 /* MFSideMenuShadow.h */; };
		274419CD17BBAED20007ADE7 /* MFSideMenuShadow.m in Sources */ = {isa = PBXBuildFile; fileRef = 274419C817BBABA70007ADE7 /* MFSideMenuShadow.m */; };
		275F15881517E9B80052A240 /* UIKit.framework in Frameworks */ = {isa = PBXBuildFile; fileRef = 275F15871517E9B80052A240 /* UIKit.framework */; };
		275F158A1517E9B80052A240 /* Foundation.framework in Frameworks */ = {isa = PBXBuildFile; fileRef = 275F15891517E9B80052A240 /* Foundation.framework */; };
		275F158C1517E9B80052A240 /* CoreGraphics.framework in Frameworks */ = {isa = PBXBuildFile; fileRef = 275F158B1517E9B80052A240 /* CoreGraphics.framework */; };
		275F15921517E9B80052A240 /* InfoPlist.strings in Resources */ = {isa = PBXBuildFile; fileRef = 275F15901517E9B80052A240 /* InfoPlist.strings */; };
		275F15941517E9B80052A240 /* main.m in Sources */ = {isa = PBXBuildFile; fileRef = 275F15931517E9B80052A240 /* main.m */; };
		275F15981517E9B80052A240 /* MFAppDelegate.m in Sources */ = {isa = PBXBuildFile; fileRef = 275F15971517E9B80052A240 /* MFAppDelegate.m */; };
		275F15A91517ED230052A240 /* DemoViewController.m in Sources */ = {isa = PBXBuildFile; fileRef = 275F15A81517ED220052A240 /* DemoViewController.m */; };
		275F15AB1517EED80052A240 /* DemoViewController.xib in Resources */ = {isa = PBXBuildFile; fileRef = 275F15AA1517EED80052A240 /* DemoViewController.xib */; };
		275F15B41517F0B90052A240 /* SideMenuViewController.m in Sources */ = {isa = PBXBuildFile; fileRef = 275F15B31517F0B90052A240 /* SideMenuViewController.m */; };
		275F15BC1517F7A20052A240 /* QuartzCore.framework in Frameworks */ = {isa = PBXBuildFile; fileRef = 275F15BB1517F7A20052A240 /* QuartzCore.framework */; };
		2769860317355C4C00536685 /* MFSideMenuContainerViewController.m in Sources */ = {isa = PBXBuildFile; fileRef = 2769860217355C4C00536685 /* MFSideMenuContainerViewController.m */; };
		D081F04D178E67F5004A89D0 /* UIViewController+MFSideMenuAdditions.m in Sources */ = {isa = PBXBuildFile; fileRef = D081F04C178E67F5004A89D0 /* UIViewController+MFSideMenuAdditions.m */; };
/* End PBXBuildFile section */

/* Begin PBXFileReference section */
		273D0F8816CB344600C187E0 /* back-arrow.png */ = {isa = PBXFileReference; lastKnownFileType = image.png; path = "back-arrow.png"; sourceTree = "<group>"; };
		273D0F8916CB344600C187E0 /* back-arrow@2x.png */ = {isa = PBXFileReference; lastKnownFileType = image.png; path = "back-arrow@2x.png"; sourceTree = "<group>"; };
		273D0F8A16CB344600C187E0 /* Default-568h@2x.png */ = {isa = PBXFileReference; lastKnownFileType = image.png; path = "Default-568h@2x.png"; sourceTree = "<group>"; };
		273D0F8B16CB344600C187E0 /* menu-icon.png */ = {isa = PBXFileReference; lastKnownFileType = image.png; path = "menu-icon.png"; sourceTree = "<group>"; };
		273D0F8C16CB344600C187E0 /* menu-icon@2x.png */ = {isa = PBXFileReference; lastKnownFileType = image.png; path = "menu-icon@2x.png"; sourceTree = "<group>"; };
		273D0FA216E98A5A00C187E0 /* SenTestingKit.framework */ = {isa = PBXFileReference; lastKnownFileType = wrapper.framework; name = SenTestingKit.framework; path = Library/Frameworks/SenTestingKit.framework; sourceTree = DEVELOPER_DIR; };
		274419C717BBABA70007ADE7 /* MFSideMenuShadow.h */ = {isa = PBXFileReference; lastKnownFileType = sourcecode.c.h; path = MFSideMenuShadow.h; sourceTree = "<group>"; };
		274419C817BBABA70007ADE7 /* MFSideMenuShadow.m */ = {isa = PBXFileReference; lastKnownFileType = sourcecode.c.objc; path = MFSideMenuShadow.m; sourceTree = "<group>"; };
		275F15831517E9B80052A240 /* MFSideMenuDemoBasic.app */ = {isa = PBXFileReference; explicitFileType = wrapper.application; includeInIndex = 0; path = MFSideMenuDemoBasic.app; sourceTree = BUILT_PRODUCTS_DIR; };
		275F15871517E9B80052A240 /* UIKit.framework */ = {isa = PBXFileReference; lastKnownFileType = wrapper.framework; name = UIKit.framework; path = System/Library/Frameworks/UIKit.framework; sourceTree = SDKROOT; };
		275F15891517E9B80052A240 /* Foundation.framework */ = {isa = PBXFileReference; lastKnownFileType = wrapper.framework; name = Foundation.framework; path = System/Library/Frameworks/Foundation.framework; sourceTree = SDKROOT; };
		275F158B1517E9B80052A240 /* CoreGraphics.framework */ = {isa = PBXFileReference; lastKnownFileType = wrapper.framework; name = CoreGraphics.framework; path = System/Library/Frameworks/CoreGraphics.framework; sourceTree = SDKROOT; };
		275F158F1517E9B80052A240 /* MFSideMenuDemoBasic-Info.plist */ = {isa = PBXFileReference; lastKnownFileType = text.plist.xml; path = "MFSideMenuDemoBasic-Info.plist"; sourceTree = "<group>"; };
		275F15911517E9B80052A240 /* en */ = {isa = PBXFileReference; lastKnownFileType = text.plist.strings; name = en; path = en.lproj/InfoPlist.strings; sourceTree = "<group>"; };
		275F15931517E9B80052A240 /* main.m */ = {isa = PBXFileReference; lastKnownFileType = sourcecode.c.objc; path = main.m; sourceTree = "<group>"; };
		275F15951517E9B80052A240 /* MFSideMenuDemoBasic-Prefix.pch */ = {isa = PBXFileReference; lastKnownFileType = sourcecode.c.h; path = "MFSideMenuDemoBasic-Prefix.pch"; sourceTree = "<group>"; };
		275F15961517E9B80052A240 /* MFAppDelegate.h */ = {isa = PBXFileReference; lastKnownFileType = sourcecode.c.h; path = MFAppDelegate.h; sourceTree = "<group>"; };
		275F15971517E9B80052A240 /* MFAppDelegate.m */ = {isa = PBXFileReference; lastKnownFileType = sourcecode.c.objc; path = MFAppDelegate.m; sourceTree = "<group>"; };
		275F15A71517ED220052A240 /* DemoViewController.h */ = {isa = PBXFileReference; fileEncoding = 4; lastKnownFileType = sourcecode.c.h; path = DemoViewController.h; sourceTree = "<group>"; };
		275F15A81517ED220052A240 /* DemoViewController.m */ = {isa = PBXFileReference; fileEncoding = 4; lastKnownFileType = sourcecode.c.objc; path = DemoViewController.m; sourceTree = "<group>"; };
		275F15AA1517EED80052A240 /* DemoViewController.xib */ = {isa = PBXFileReference; fileEncoding = 4; lastKnownFileType = file.xib; path = DemoViewController.xib; sourceTree = "<group>"; };
		275F15B21517F0B90052A240 /* SideMenuViewController.h */ = {isa = PBXFileReference; fileEncoding = 4; lastKnownFileType = sourcecode.c.h; path = SideMenuViewController.h; sourceTree = "<group>"; };
		275F15B31517F0B90052A240 /* SideMenuViewController.m */ = {isa = PBXFileReference; fileEncoding = 4; lastKnownFileType = sourcecode.c.objc; path = SideMenuViewController.m; sourceTree = "<group>"; };
		275F15BB1517F7A20052A240 /* QuartzCore.framework */ = {isa = PBXFileReference; lastKnownFileType = wrapper.framework; name = QuartzCore.framework; path = System/Library/Frameworks/QuartzCore.framework; sourceTree = SDKROOT; };
		2769860117355C4C00536685 /* MFSideMenuContainerViewController.h */ = {isa = PBXFileReference; fileEncoding = 4; lastKnownFileType = sourcecode.c.h; path = MFSideMenuContainerViewController.h; sourceTree = "<group>"; };
		2769860217355C4C00536685 /* MFSideMenuContainerViewController.m */ = {isa = PBXFileReference; fileEncoding = 4; lastKnownFileType = sourcecode.c.objc; path = MFSideMenuContainerViewController.m; sourceTree = "<group>"; };
		2769860B1737D76900536685 /* MFSideMenu.h */ = {isa = PBXFileReference; fileEncoding = 4; lastKnownFileType = sourcecode.c.h; path = MFSideMenu.h; sourceTree = "<group>"; };
		D081F04B178E67F5004A89D0 /* UIViewController+MFSideMenuAdditions.h */ = {isa = PBXFileReference; fileEncoding = 4; lastKnownFileType = sourcecode.c.h; path = "UIViewController+MFSideMenuAdditions.h"; sourceTree = "<group>"; };
		D081F04C178E67F5004A89D0 /* UIViewController+MFSideMenuAdditions.m */ = {isa = PBXFileReference; fileEncoding = 4; lastKnownFileType = sourcecode.c.objc; path = "UIViewController+MFSideMenuAdditions.m"; sourceTree = "<group>"; };
/* End PBXFileReference section */

/* Begin PBXFrameworksBuildPhase section */
		275F15801517E9B70052A240 /* Frameworks */ = {
			isa = PBXFrameworksBuildPhase;
			buildActionMask = 2147483647;
			files = (
				275F15BC1517F7A20052A240 /* QuartzCore.framework in Frameworks */,
				275F15881517E9B80052A240 /* UIKit.framework in Frameworks */,
				275F158A1517E9B80052A240 /* Foundation.framework in Frameworks */,
				275F158C1517E9B80052A240 /* CoreGraphics.framework in Frameworks */,
			);
			runOnlyForDeploymentPostprocessing = 0;
		};
/* End PBXFrameworksBuildPhase section */

/* Begin PBXGroup section */
		273D0F8716CB344600C187E0 /* Images */ = {
			isa = PBXGroup;
			children = (
				273D0F8816CB344600C187E0 /* back-arrow.png */,
				273D0F8916CB344600C187E0 /* back-arrow@2x.png */,
				273D0F8A16CB344600C187E0 /* Default-568h@2x.png */,
				273D0F8B16CB344600C187E0 /* menu-icon.png */,
				273D0F8C16CB344600C187E0 /* menu-icon@2x.png */,
			);
			path = Images;
			sourceTree = "<group>";
		};
		273D111316F632CD00C187E0 /* MFSideMenu */ = {
			isa = PBXGroup;
			children = (
				2769860B1737D76900536685 /* MFSideMenu.h */,
				2769860117355C4C00536685 /* MFSideMenuContainerViewController.h */,
				2769860217355C4C00536685 /* MFSideMenuContainerViewController.m */,
				D081F04B178E67F5004A89D0 /* UIViewController+MFSideMenuAdditions.h */,
				D081F04C178E67F5004A89D0 /* UIViewController+MFSideMenuAdditions.m */,
				274419C717BBABA70007ADE7 /* MFSideMenuShadow.h */,
				274419C817BBABA70007ADE7 /* MFSideMenuShadow.m */,
			);
			name = MFSideMenu;
			path = ../../MFSideMenu;
			sourceTree = "<group>";
		};
		275F15781517E9B70052A240 = {
			isa = PBXGroup;
			children = (
				273D111316F632CD00C187E0 /* MFSideMenu */,
				275F158D1517E9B80052A240 /* MFSideMenuDemoBasic */,
				275F15861517E9B80052A240 /* Frameworks */,
				275F15841517E9B80052A240 /* Products */,
			);
			sourceTree = "<group>";
		};
		275F15841517E9B80052A240 /* Products */ = {
			isa = PBXGroup;
			children = (
				275F15831517E9B80052A240 /* MFSideMenuDemoBasic.app */,
			);
			name = Products;
			sourceTree = "<group>";
		};
		275F15861517E9B80052A240 /* Frameworks */ = {
			isa = PBXGroup;
			children = (
				275F15BB1517F7A20052A240 /* QuartzCore.framework */,
				275F15871517E9B80052A240 /* UIKit.framework */,
				275F15891517E9B80052A240 /* Foundation.framework */,
				275F158B1517E9B80052A240 /* CoreGraphics.framework */,
				273D0FA216E98A5A00C187E0 /* SenTestingKit.framework */,
			);
			name = Frameworks;
			sourceTree = "<group>";
		};
		275F158D1517E9B80052A240 /* MFSideMenuDemoBasic */ = {
			isa = PBXGroup;
			children = (
				273D0F8716CB344600C187E0 /* Images */,
				275F15961517E9B80052A240 /* MFAppDelegate.h */,
				275F15971517E9B80052A240 /* MFAppDelegate.m */,
				275F15B21517F0B90052A240 /* SideMenuViewController.h */,
				275F15B31517F0B90052A240 /* SideMenuViewController.m */,
				275F158E1517E9B80052A240 /* Supporting Files */,
				275F15A71517ED220052A240 /* DemoViewController.h */,
				275F15A81517ED220052A240 /* DemoViewController.m */,
				275F15AA1517EED80052A240 /* DemoViewController.xib */,
			);
			path = MFSideMenuDemoBasic;
			sourceTree = "<group>";
		};
		275F158E1517E9B80052A240 /* Supporting Files */ = {
			isa = PBXGroup;
			children = (
				275F158F1517E9B80052A240 /* MFSideMenuDemoBasic-Info.plist */,
				275F15901517E9B80052A240 /* InfoPlist.strings */,
				275F15931517E9B80052A240 /* main.m */,
				275F15951517E9B80052A240 /* MFSideMenuDemoBasic-Prefix.pch */,
			);
			name = "Supporting Files";
			sourceTree = "<group>";
		};
/* End PBXGroup section */

/* Begin PBXNativeTarget section */
		275F15821517E9B80052A240 /* MFSideMenuDemoBasic */ = {
			isa = PBXNativeTarget;
			buildConfigurationList = 275F159B1517E9B80052A240 /* Build configuration list for PBXNativeTarget "MFSideMenuDemoBasic" */;
			buildPhases = (
				275F157F1517E9B70052A240 /* Sources */,
				275F15801517E9B70052A240 /* Frameworks */,
				275F15811517E9B70052A240 /* Resources */,
			);
			buildRules = (
			);
			dependencies = (
			);
			name = MFSideMenuDemoBasic;
			productName = MFSideMenuDemo;
			productReference = 275F15831517E9B80052A240 /* MFSideMenuDemoBasic.app */;
			productType = "com.apple.product-type.application";
		};
/* End PBXNativeTarget section */

/* Begin PBXProject section */
		275F157A1517E9B70052A240 /* Project object */ = {
			isa = PBXProject;
			attributes = {
				CLASSPREFIX = MF;
				LastUpgradeCheck = 0460;
				ORGANIZATIONNAME = "University of Wisconsin - Madison";
			};
			buildConfigurationList = 275F157D1517E9B70052A240 /* Build configuration list for PBXProject "MFSideMenuDemoBasic" */;
			compatibilityVersion = "Xcode 3.2";
			developmentRegion = English;
			hasScannedForEncodings = 0;
			knownRegions = (
				en,
			);
			mainGroup = 275F15781517E9B70052A240;
			productRefGroup = 275F15841517E9B80052A240 /* Products */;
			projectDirPath = "";
			projectRoot = "";
			targets = (
				275F15821517E9B80052A240 /* MFSideMenuDemoBasic */,
			);
		};
/* End PBXProject section */

/* Begin PBXResourcesBuildPhase section */
		275F15811517E9B70052A240 /* Resources */ = {
			isa = PBXResourcesBuildPhase;
			buildActionMask = 2147483647;
			files = (
				275F15921517E9B80052A240 /* InfoPlist.strings in Resources */,
				275F15AB1517EED80052A240 /* DemoViewController.xib in Resources */,
				273D0F8D16CB344600C187E0 /* back-arrow.png in Resources */,
				273D0F8E16CB344600C187E0 /* back-arrow@2x.png in Resources */,
				273D0F8F16CB344600C187E0 /* Default-568h@2x.png in Resources */,
				273D0F9016CB344600C187E0 /* menu-icon.png in Resources */,
				273D0F9116CB344600C187E0 /* menu-icon@2x.png in Resources */,
			);
			runOnlyForDeploymentPostprocessing = 0;
		};
/* End PBXResourcesBuildPhase section */

/* Begin PBXSourcesBuildPhase section */
		275F157F1517E9B70052A240 /* Sources */ = {
			isa = PBXSourcesBuildPhase;
			buildActionMask = 2147483647;
			files = (
				274419C917BBAED20007ADE7 /* MFSideMenu.h in Sources */,
				274419CA17BBAED20007ADE7 /* MFSideMenuContainerViewController.h in Sources */,
				274419CB17BBAED20007ADE7 /* UIViewController+MFSideMenuAdditions.h in Sources */,
				274419CC17BBAED20007ADE7 /* MFSideMenuShadow.h in Sources */,
				274419CD17BBAED20007ADE7 /* MFSideMenuShadow.m in Sources */,
				275F15941517E9B80052A240 /* main.m in Sources */,
				275F15981517E9B80052A240 /* MFAppDelegate.m in Sources */,
				275F15A91517ED230052A240 /* DemoViewController.m in Sources */,
				275F15B41517F0B90052A240 /* SideMenuViewController.m in Sources */,
				2769860317355C4C00536685 /* MFSideMenuContainerViewController.m in Sources */,
				D081F04D178E67F5004A89D0 /* UIViewController+MFSideMenuAdditions.m in Sources */,
			);
			runOnlyForDeploymentPostprocessing = 0;
		};
/* End PBXSourcesBuildPhase section */

/* Begin PBXVariantGroup section */
		275F15901517E9B80052A240 /* InfoPlist.strings */ = {
			isa = PBXVariantGroup;
			children = (
				275F15911517E9B80052A240 /* en */,
			);
			name = InfoPlist.strings;
			sourceTree = "<group>";
		};
/* End PBXVariantGroup section */

/* Begin XCBuildConfiguration section */
		275F15991517E9B80052A240 /* Debug */ = {
			isa = XCBuildConfiguration;
			buildSettings = {
				ALWAYS_SEARCH_USER_PATHS = NO;
				ARCHS = "$(ARCHS_STANDARD_32_BIT)";
				CLANG_WARN_CONSTANT_CONVERSION = YES;
				CLANG_WARN_ENUM_CONVERSION = YES;
				CLANG_WARN_INT_CONVERSION = YES;
				CLANG_WARN__DUPLICATE_METHOD_MATCH = YES;
				"CODE_SIGN_IDENTITY[sdk=iphoneos*]" = "iPhone Developer";
				COPY_PHASE_STRIP = NO;
				GCC_C_LANGUAGE_STANDARD = gnu99;
				GCC_DYNAMIC_NO_PIC = NO;
				GCC_GENERATE_TEST_COVERAGE_FILES = YES;
				GCC_OPTIMIZATION_LEVEL = 0;
				GCC_PREPROCESSOR_DEFINITIONS = (
					"DEBUG=1",
					"$(inherited)",
				);
				GCC_SYMBOLS_PRIVATE_EXTERN = NO;
				GCC_VERSION = com.apple.compilers.llvm.clang.1_0;
				GCC_WARN_ABOUT_RETURN_TYPE = YES;
				GCC_WARN_UNINITIALIZED_AUTOS = YES;
				GCC_WARN_UNUSED_VARIABLE = YES;
				IPHONEOS_DEPLOYMENT_TARGET = 5.1;
				SDKROOT = iphoneos;
			};
			name = Debug;
		};
		275F159A1517E9B80052A240 /* Release */ = {
			isa = XCBuildConfiguration;
			buildSettings = {
				ALWAYS_SEARCH_USER_PATHS = NO;
				ARCHS = "$(ARCHS_STANDARD_32_BIT)";
				CLANG_WARN_CONSTANT_CONVERSION = YES;
				CLANG_WARN_ENUM_CONVERSION = YES;
				CLANG_WARN_INT_CONVERSION = YES;
				CLANG_WARN__DUPLICATE_METHOD_MATCH = YES;
				"CODE_SIGN_IDENTITY[sdk=iphoneos*]" = "iPhone Developer";
				COPY_PHASE_STRIP = YES;
				GCC_C_LANGUAGE_STANDARD = gnu99;
				GCC_GENERATE_TEST_COVERAGE_FILES = YES;
				GCC_VERSION = com.apple.compilers.llvm.clang.1_0;
				GCC_WARN_ABOUT_RETURN_TYPE = YES;
				GCC_WARN_UNINITIALIZED_AUTOS = YES;
				GCC_WARN_UNUSED_VARIABLE = YES;
				IPHONEOS_DEPLOYMENT_TARGET = 5.1;
				OTHER_CFLAGS = "-DNS_BLOCK_ASSERTIONS=1";
				SDKROOT = iphoneos;
				VALIDATE_PRODUCT = YES;
			};
			name = Release;
		};
		275F159C1517E9B80052A240 /* Debug */ = {
			isa = XCBuildConfiguration;
			buildSettings = {
				CLANG_ENABLE_OBJC_ARC = YES;
				"CODE_SIGN_IDENTITY[sdk=iphoneos*]" = "iPhone Developer";
				GCC_PRECOMPILE_PREFIX_HEADER = YES;
				GCC_PREFIX_HEADER = "MFSideMenuDemoBasic/MFSideMenuDemoBasic-Prefix.pch";
				GCC_SYMBOLS_PRIVATE_EXTERN = NO;
				INFOPLIST_FILE = "MFSideMenuDemoBasic/MFSideMenuDemoBasic-Info.plist";
				IPHONEOS_DEPLOYMENT_TARGET = 5.1;
				PRODUCT_NAME = MFSideMenuDemoBasic;
				"PROVISIONING_PROFILE[sdk=iphoneos*]" = "";
				TARGETED_DEVICE_FAMILY = "1,2";
				WRAPPER_EXTENSION = app;
			};
			name = Debug;
		};
		275F159D1517E9B80052A240 /* Release */ = {
			isa = XCBuildConfiguration;
			buildSettings = {
				CLANG_ENABLE_OBJC_ARC = YES;
				GCC_PRECOMPILE_PREFIX_HEADER = YES;
				GCC_PREFIX_HEADER = "MFSideMenuDemoBasic/MFSideMenuDemoBasic-Prefix.pch";
				GCC_SYMBOLS_PRIVATE_EXTERN = NO;
				INFOPLIST_FILE = "MFSideMenuDemoBasic/MFSideMenuDemoBasic-Info.plist";
				IPHONEOS_DEPLOYMENT_TARGET = 5.1;
				PRODUCT_NAME = MFSideMenuDemoBasic;
				TARGETED_DEVICE_FAMILY = "1,2";
				WRAPPER_EXTENSION = app;
			};
			name = Release;
		};
/* End XCBuildConfiguration section */

/* Begin XCConfigurationList section */
		275F157D1517E9B70052A240 /* Build configuration list for PBXProject "MFSideMenuDemoBasic" */ = {
			isa = XCConfigurationList;
			buildConfigurations = (
				275F15991517E9B80052A240 /* Debug */,
				275F159A1517E9B80052A240 /* Release */,
			);
			defaultConfigurationIsVisible = 0;
			defaultConfigurationName = Release;
		};
		275F159B1517E9B80052A240 /* Build configuration list for PBXNativeTarget "MFSideMenuDemoBasic" */ = {
			isa = XCConfigurationList;
			buildConfigurations = (
				275F159C1517E9B80052A240 /* Debug */,
				275F159D1517E9B80052A240 /* Release */,
			);
			defaultConfigurationIsVisible = 0;
			defaultConfigurationName = Release;
		};
/* End XCConfigurationList section */
	};
	rootObject = 275F157A1517E9B70052A240 /* Project object */;
}
